
Microsoft Visual Studio Solution File, Format Version 12.00
# Visual Studio Version 16
VisualStudioVersion = 16.0.31205.134
MinimumVisualStudioVersion = 10.0.40219.1
Project("{9A19103F-16F7-4668-BE54-9A1E7A4F7556}") = "MarsRover", "MarsRover\MarsRover.csproj", "{DBE2B67B-F342-4CB5-A549-98C7CB335B0B}"
EndProject
Project("{FAE04EC0-301F-11D3-BF4B-00C04F79EFBC}") = "RoverCalculateTest", "RoverCalculateTest\RoverCalculateTest.csproj", "{898CEC15-E669-4365-A5A1-1BF4540E6C2D}"
EndProject
Global
	GlobalSection(SolutionConfigurationPlatforms) = preSolution
		Debug|Any CPU = Debug|Any CPU
		Release|Any CPU = Release|Any CPU
	EndGlobalSection
	GlobalSection(ProjectConfigurationPlatforms) = postSolution
		{DBE2B67B-F342-4CB5-A549-98C7CB335B0B}.Debug|Any CPU.ActiveCfg = Debug|Any CPU
		{DBE2B67B-F342-4CB5-A549-98C7CB335B0B}.Debug|Any CPU.Build.0 = Debug|Any CPU
		{DBE2B67B-F342-4CB5-A549-98C7CB335B0B}.Release|Any CPU.ActiveCfg = Release|Any CPU
		{DBE2B67B-F342-4CB5-A549-98C7CB335B0B}.Release|Any CPU.Build.0 = Release|Any CPU
		{898CEC15-E669-4365-A5A1-1BF4540E6C2D}.Debug|Any CPU.ActiveCfg = Debug|Any CPU
		{898CEC15-E669-4365-A5A1-1BF4540E6C2D}.Debug|Any CPU.Build.0 = Debug|Any CPU
		{898CEC15-E669-4365-A5A1-1BF4540E6C2D}.Release|Any CPU.ActiveCfg = Release|Any CPU
		{898CEC15-E669-4365-A5A1-1BF4540E6C2D}.Release|Any CPU.Build.0 = Release|Any CPU
	EndGlobalSection
	GlobalSection(SolutionProperties) = preSolution
		HideSolutionNode = FALSE
	EndGlobalSection
	GlobalSection(ExtensibilityGlobals) = postSolution
		SolutionGuid = {F73154A7-39B6-417F-9CF6-C1CD0E9B6F0B}
	EndGlobalSection
EndGlobal
